
Microsoft Visual Studio Solution File, Format Version 12.00
# Visual Studio Version 17
VisualStudioVersion = 17.5.33414.496
MinimumVisualStudioVersion = 10.0.40219.1
Project("{FAE04EC0-301F-11D3-BF4B-00C04F79EFBC}") = "ProjListaSimples", "ProjListaSimples\ProjListaSimples.csproj", "{24ACD3FC-83FC-4932-AAD0-90217F978B5A}"
EndProject
Global
	GlobalSection(SolutionConfigurationPlatforms) = preSolution
		Debug|Any CPU = Debug|Any CPU
		Release|Any CPU = Release|Any CPU
	EndGlobalSection
	GlobalSection(ProjectConfigurationPlatforms) = postSolution
		{24ACD3FC-83FC-4932-AAD0-90217F978B5A}.Debug|Any CPU.ActiveCfg = Debug|Any CPU
		{24ACD3FC-83FC-4932-AAD0-90217F978B5A}.Debug|Any CPU.Build.0 = Debug|Any CPU
		{24ACD3FC-83FC-4932-AAD0-90217F978B5A}.Release|Any CPU.ActiveCfg = Release|Any CPU
		{24ACD3FC-83FC-4932-AAD0-90217F978B5A}.Release|Any CPU.Build.0 = Release|Any CPU
	EndGlobalSection
	GlobalSection(SolutionProperties) = preSolution
		HideSolutionNode = FALSE
	EndGlobalSection
	GlobalSection(ExtensibilityGlobals) = postSolution
		SolutionGuid = {41296808-FFE0-4CC6-BB1C-0A7740488D27}
	EndGlobalSection
EndGlobal
